
Microsoft Visual Studio Solution File, Format Version 12.00
# Visual Studio 15
VisualStudioVersion = 15.0.27130.2010
MinimumVisualStudioVersion = 10.0.40219.1
Project("{2150E333-8FDC-42A3-9474-1A3956D46DE8}") = "Samples", "Samples", "{8871736C-4CDB-47C5-B73A-BED3CA46164A}"
EndProject
Project("{9A19103F-16F7-4668-BE54-9A1E7A4F7556}") = "Binance", "src\Binance\Binance.csproj", "{560055C5-97FE-4D13-8E7F-9C4809E75716}"
EndProject
Project("{9A19103F-16F7-4668-BE54-9A1E7A4F7556}") = "BinanceConsoleApp", "samples\BinanceConsoleApp\BinanceConsoleApp.csproj", "{5EF87AEE-753D-4F8D-B61F-64765EB4BFFD}"
EndProject
Project("{2150E333-8FDC-42A3-9474-1A3956D46DE8}") = "Test", "Test", "{925FB95E-D498-43BC-9458-5FFCDB79693D}"
EndProject
Project("{9A19103F-16F7-4668-BE54-9A1E7A4F7556}") = "Binance.Tests", "test\Binance.Tests\Binance.Tests.csproj", "{840727F6-90BB-48E8-AEF9-C40C58B1D5C1}"
EndProject
Project("{2150E333-8FDC-42A3-9474-1A3956D46DE8}") = "Documentation", "Documentation", "{396F8036-01D7-413D-9C85-1EEB95B38867}"
	ProjectSection(SolutionItems) = preProject
		README.md = README.md
	EndProjectSection
EndProject
Project("{9A19103F-16F7-4668-BE54-9A1E7A4F7556}") = "BinanceMarketDepth", "samples\BinanceMarketDepth\BinanceMarketDepth.csproj", "{DBD08B7C-969D-4B55-84A4-9E869878DC66}"
EndProject
Project("{9A19103F-16F7-4668-BE54-9A1E7A4F7556}") = "BinanceTradeHistory", "samples\BinanceTradeHistory\BinanceTradeHistory.csproj", "{2AF6EC27-BFBF-4949-8F38-46FEFEE2B512}"
EndProject
Project("{9A19103F-16F7-4668-BE54-9A1E7A4F7556}") = "BinancePriceChart", "samples\BinancePriceChart\BinancePriceChart.csproj", "{535586E1-7303-4C9C-9139-6B36EF1D22AE}"
EndProject
Project("{9A19103F-16F7-4668-BE54-9A1E7A4F7556}") = "Binance.Application", "samples\Binance.Application\Binance.Application.csproj", "{6B373EAC-2ADD-49BB-B2FC-01A873DF752B}"
EndProject
Project("{9A19103F-16F7-4668-BE54-9A1E7A4F7556}") = "BinanceCodeGenerator", "samples\BinanceCodeGenerator\BinanceCodeGenerator.csproj", "{D4767C0E-FDF3-43E0-8E3C-D29D6FC0A667}"
EndProject
Project("{2150E333-8FDC-42A3-9474-1A3956D46DE8}") = "Tools", "Tools", "{4D701143-0BA1-49BB-9838-AC64DA88FBD7}"
EndProject
Project("{9A19103F-16F7-4668-BE54-9A1E7A4F7556}") = "Binance24HourStatistics", "samples\Binance24HourStatistics\Binance24HourStatistics.csproj", "{DF3370A6-FB19-4160-B46C-4EAAAFB510AD}"
EndProject
Project("{FAE04EC0-301F-11D3-BF4B-00C04F79EFBC}") = "BinanceClassicConsoleApp", "samples\BinanceClassicConsoleApp\BinanceClassicConsoleApp.csproj", "{BC43C0B3-1EF1-458E-9A97-B9A4FD9FE5F9}"
EndProject
Project("{FAE04EC0-301F-11D3-BF4B-00C04F79EFBC}") = "BinanceWebApp", "samples\BinanceWebApp\BinanceWebApp.csproj", "{A9FA64FF-B0CF-4B5B-8AC9-2491F11747EE}"
EndProject
Project("{FAE04EC0-301F-11D3-BF4B-00C04F79EFBC}") = "BinanceClassicWebApp", "samples\BinanceClassicWebApp\BinanceClassicWebApp.csproj", "{6C70F1C4-86BE-40E0-9B9A-6F5373E21F28}"
EndProject
Global
	GlobalSection(SolutionConfigurationPlatforms) = preSolution
		Debug|Any CPU = Debug|Any CPU
		Release|Any CPU = Release|Any CPU
	EndGlobalSection
	GlobalSection(ProjectConfigurationPlatforms) = postSolution
		{560055C5-97FE-4D13-8E7F-9C4809E75716}.Debug|Any CPU.ActiveCfg = Debug|Any CPU
		{560055C5-97FE-4D13-8E7F-9C4809E75716}.Debug|Any CPU.Build.0 = Debug|Any CPU
		{560055C5-97FE-4D13-8E7F-9C4809E75716}.Release|Any CPU.ActiveCfg = Release|Any CPU
		{560055C5-97FE-4D13-8E7F-9C4809E75716}.Release|Any CPU.Build.0 = Release|Any CPU
		{5EF87AEE-753D-4F8D-B61F-64765EB4BFFD}.Debug|Any CPU.ActiveCfg = Debug|Any CPU
		{5EF87AEE-753D-4F8D-B61F-64765EB4BFFD}.Debug|Any CPU.Build.0 = Debug|Any CPU
		{5EF87AEE-753D-4F8D-B61F-64765EB4BFFD}.Release|Any CPU.ActiveCfg = Release|Any CPU
		{5EF87AEE-753D-4F8D-B61F-64765EB4BFFD}.Release|Any CPU.Build.0 = Release|Any CPU
		{840727F6-90BB-48E8-AEF9-C40C58B1D5C1}.Debug|Any CPU.ActiveCfg = Debug|Any CPU
		{840727F6-90BB-48E8-AEF9-C40C58B1D5C1}.Debug|Any CPU.Build.0 = Debug|Any CPU
		{840727F6-90BB-48E8-AEF9-C40C58B1D5C1}.Release|Any CPU.ActiveCfg = Release|Any CPU
		{840727F6-90BB-48E8-AEF9-C40C58B1D5C1}.Release|Any CPU.Build.0 = Release|Any CPU
		{DBD08B7C-969D-4B55-84A4-9E869878DC66}.Debug|Any CPU.ActiveCfg = Debug|Any CPU
		{DBD08B7C-969D-4B55-84A4-9E869878DC66}.Debug|Any CPU.Build.0 = Debug|Any CPU
		{DBD08B7C-969D-4B55-84A4-9E869878DC66}.Release|Any CPU.ActiveCfg = Release|Any CPU
		{DBD08B7C-969D-4B55-84A4-9E869878DC66}.Release|Any CPU.Build.0 = Release|Any CPU
		{2AF6EC27-BFBF-4949-8F38-46FEFEE2B512}.Debug|Any CPU.ActiveCfg = Debug|Any CPU
		{2AF6EC27-BFBF-4949-8F38-46FEFEE2B512}.Debug|Any CPU.Build.0 = Debug|Any CPU
		{2AF6EC27-BFBF-4949-8F38-46FEFEE2B512}.Release|Any CPU.ActiveCfg = Release|Any CPU
		{2AF6EC27-BFBF-4949-8F38-46FEFEE2B512}.Release|Any CPU.Build.0 = Release|Any CPU
		{535586E1-7303-4C9C-9139-6B36EF1D22AE}.Debug|Any CPU.ActiveCfg = Debug|Any CPU
		{535586E1-7303-4C9C-9139-6B36EF1D22AE}.Debug|Any CPU.Build.0 = Debug|Any CPU
		{535586E1-7303-4C9C-9139-6B36EF1D22AE}.Release|Any CPU.ActiveCfg = Release|Any CPU
		{535586E1-7303-4C9C-9139-6B36EF1D22AE}.Release|Any CPU.Build.0 = Release|Any CPU
		{6B373EAC-2ADD-49BB-B2FC-01A873DF752B}.Debug|Any CPU.ActiveCfg = Debug|Any CPU
		{6B373EAC-2ADD-49BB-B2FC-01A873DF752B}.Debug|Any CPU.Build.0 = Debug|Any CPU
		{6B373EAC-2ADD-49BB-B2FC-01A873DF752B}.Release|Any CPU.ActiveCfg = Release|Any CPU
		{6B373EAC-2ADD-49BB-B2FC-01A873DF752B}.Release|Any CPU.Build.0 = Release|Any CPU
		{D4767C0E-FDF3-43E0-8E3C-D29D6FC0A667}.Debug|Any CPU.ActiveCfg = Debug|Any CPU
		{D4767C0E-FDF3-43E0-8E3C-D29D6FC0A667}.Debug|Any CPU.Build.0 = Debug|Any CPU
		{D4767C0E-FDF3-43E0-8E3C-D29D6FC0A667}.Release|Any CPU.ActiveCfg = Release|Any CPU
		{D4767C0E-FDF3-43E0-8E3C-D29D6FC0A667}.Release|Any CPU.Build.0 = Release|Any CPU
		{DF3370A6-FB19-4160-B46C-4EAAAFB510AD}.Debug|Any CPU.ActiveCfg = Debug|Any CPU
		{DF3370A6-FB19-4160-B46C-4EAAAFB510AD}.Debug|Any CPU.Build.0 = Debug|Any CPU
		{DF3370A6-FB19-4160-B46C-4EAAAFB510AD}.Release|Any CPU.ActiveCfg = Release|Any CPU
		{DF3370A6-FB19-4160-B46C-4EAAAFB510AD}.Release|Any CPU.Build.0 = Release|Any CPU
		{BC43C0B3-1EF1-458E-9A97-B9A4FD9FE5F9}.Debug|Any CPU.ActiveCfg = Debug|Any CPU
		{BC43C0B3-1EF1-458E-9A97-B9A4FD9FE5F9}.Debug|Any CPU.Build.0 = Debug|Any CPU
		{BC43C0B3-1EF1-458E-9A97-B9A4FD9FE5F9}.Release|Any CPU.ActiveCfg = Release|Any CPU
		{BC43C0B3-1EF1-458E-9A97-B9A4FD9FE5F9}.Release|Any CPU.Build.0 = Release|Any CPU
		{A9FA64FF-B0CF-4B5B-8AC9-2491F11747EE}.Debug|Any CPU.ActiveCfg = Debug|Any CPU
		{A9FA64FF-B0CF-4B5B-8AC9-2491F11747EE}.Debug|Any CPU.Build.0 = Debug|Any CPU
		{A9FA64FF-B0CF-4B5B-8AC9-2491F11747EE}.Release|Any CPU.ActiveCfg = Release|Any CPU
		{A9FA64FF-B0CF-4B5B-8AC9-2491F11747EE}.Release|Any CPU.Build.0 = Release|Any CPU
		{6C70F1C4-86BE-40E0-9B9A-6F5373E21F28}.Debug|Any CPU.ActiveCfg = Debug|Any CPU
		{6C70F1C4-86BE-40E0-9B9A-6F5373E21F28}.Debug|Any CPU.Build.0 = Debug|Any CPU
		{6C70F1C4-86BE-40E0-9B9A-6F5373E21F28}.Release|Any CPU.ActiveCfg = Release|Any CPU
		{6C70F1C4-86BE-40E0-9B9A-6F5373E21F28}.Release|Any CPU.Build.0 = Release|Any CPU
	EndGlobalSection
	GlobalSection(SolutionProperties) = preSolution
		HideSolutionNode = FALSE
	EndGlobalSection
	GlobalSection(NestedProjects) = preSolution
		{5EF87AEE-753D-4F8D-B61F-64765EB4BFFD} = {8871736C-4CDB-47C5-B73A-BED3CA46164A}
		{840727F6-90BB-48E8-AEF9-C40C58B1D5C1} = {925FB95E-D498-43BC-9458-5FFCDB79693D}
		{DBD08B7C-969D-4B55-84A4-9E869878DC66} = {8871736C-4CDB-47C5-B73A-BED3CA46164A}
		{2AF6EC27-BFBF-4949-8F38-46FEFEE2B512} = {8871736C-4CDB-47C5-B73A-BED3CA46164A}
		{535586E1-7303-4C9C-9139-6B36EF1D22AE} = {8871736C-4CDB-47C5-B73A-BED3CA46164A}
		{6B373EAC-2ADD-49BB-B2FC-01A873DF752B} = {8871736C-4CDB-47C5-B73A-BED3CA46164A}
		{D4767C0E-FDF3-43E0-8E3C-D29D6FC0A667} = {4D701143-0BA1-49BB-9838-AC64DA88FBD7}
		{DF3370A6-FB19-4160-B46C-4EAAAFB510AD} = {8871736C-4CDB-47C5-B73A-BED3CA46164A}
		{BC43C0B3-1EF1-458E-9A97-B9A4FD9FE5F9} = {8871736C-4CDB-47C5-B73A-BED3CA46164A}
		{A9FA64FF-B0CF-4B5B-8AC9-2491F11747EE} = {8871736C-4CDB-47C5-B73A-BED3CA46164A}
		{6C70F1C4-86BE-40E0-9B9A-6F5373E21F28} = {8871736C-4CDB-47C5-B73A-BED3CA46164A}
	EndGlobalSection
	GlobalSection(ExtensibilityGlobals) = postSolution
		SolutionGuid = {1D98031F-42D5-47D4-8F4E-D2B81629EEA4}
	EndGlobalSection
EndGlobal
